{
  "originHash" : "2a1800b701bed3b0bc598456b1b6533c5313af6ff64656fe1db0ca232cbbb527",
  "pins" : [
    {
      "identity" : "huddlearch",
      "kind" : "remoteSourceControl",
      "location" : "git@github.com:wvabrinskas/HuddleArch.git",
      "state" : {
        "revision" : "b804c5e8dbc8583812a7b2f0b83cd4b0a5528493",
        "version" : "1.0.6"
      }
    },
    {
      "identity" : "logger",
      "kind" : "remoteSourceControl",
      "location" : "https://github.com/wvabrinskas/Logger.git",
      "state" : {
        "revision" : "72e4516de6c671d00588031098438a933ee0d370",
        "version" : "1.0.7"
      }
    },
    {
      "identity" : "neuron",
      "kind" : "remoteSourceControl",
      "location" : "git@github.com:wvabrinskas/Neuron.git",
      "state" : {
        "branch" : "rnn-rework",
        "revision" : "992f09a4caffd1ea135e39d69549714f5b5669e0"
      }
    },
    {
      "identity" : "numswift",
      "kind" : "remoteSourceControl",
      "location" : "https://github.com/wvabrinskas/NumSwift.git",
      "state" : {
        "revision" : "40d0794ba10458577ec5cc572f6642c6cce393c5",
        "version" : "2.0.11"
      }
    },
    {
      "identity" : "swift-syntax",
      "kind" : "remoteSourceControl",
      "location" : "https://github.com/apple/swift-syntax.git",
      "state" : {
        "revision" : "64889f0c732f210a935a0ad7cda38f77f876262d",
        "version" : "509.1.1"
      }
    }
  ],
  "version" : 3
}
