{
  "originHash" : "c9eba97ce9ec0c4229c032873057a38c3699715b4f47c5e58ef86f755d7a6b0a",
  "pins" : [
    {
      "identity" : "huddlearch",
      "kind" : "remoteSourceControl",
      "location" : "https://github.com/wvabrinskas/HuddleArch",
      "state" : {
        "revision" : "6b7aa3f0df869f9724436f279854ee5990f3d44b",
        "version" : "1.0.25"
      }
    },
    {
      "identity" : "logger",
      "kind" : "remoteSourceControl",
      "location" : "https://github.com/wvabrinskas/Logger.git",
      "state" : {
        "revision" : "72e4516de6c671d00588031098438a933ee0d370",
        "version" : "1.0.7"
      }
    },
    {
      "identity" : "neuron",
      "kind" : "remoteSourceControl",
      "location" : "https://github.com/wvabrinskas/Neuron",
      "state" : {
        "revision" : "91716c217c1d3770a119908a699b706c8a82c23b",
        "version" : "2.1.2"
      }
    },
    {
      "identity" : "numswift",
      "kind" : "remoteSourceControl",
      "location" : "https://github.com/wvabrinskas/NumSwift.git",
      "state" : {
        "revision" : "6c1a9152c7b0868ba8669e86b131c7dcd3b910f0",
        "version" : "2.0.20"
      }
    },
    {
      "identity" : "swift-numerics",
      "kind" : "remoteSourceControl",
      "location" : "https://github.com/apple/swift-numerics",
      "state" : {
        "revision" : "0c0290ff6b24942dadb83a929ffaaa1481df04a2",
        "version" : "1.1.1"
      }
    },
    {
      "identity" : "swift-syntax",
      "kind" : "remoteSourceControl",
      "location" : "https://github.com/swiftlang/swift-syntax.git",
      "state" : {
        "revision" : "0687f71944021d616d34d922343dcef086855920",
        "version" : "600.0.1"
      }
    }
  ],
  "version" : 3
}
